// !$*UTF8*$!
{
	archiveVersion = 1;
	classes = {
	};
	objectVersion = 55;
	objects = {

/* Begin PBXBuildFile section */
		8617FC502A270577003E2640 /* AppDelegate.swift in Sources */ = {isa = PBXBuildFile; fileRef = 8617FC4F2A270577003E2640 /* AppDelegate.swift */; };
		8617FC522A270577003E2640 /* SceneDelegate.swift in Sources */ = {isa = PBXBuildFile; fileRef = 8617FC512A270577003E2640 /* SceneDelegate.swift */; };
		8617FC542A270577003E2640 /* UserProfilewViewController.swift in Sources */ = {isa = PBXBuildFile; fileRef = 8617FC532A270577003E2640 /* UserProfilewViewController.swift */; };
		8617FC572A270577003E2640 /* Main.storyboard in Resources */ = {isa = PBXBuildFile; fileRef = 8617FC552A270577003E2640 /* Main.storyboard */; };
		8617FC592A270578003E2640 /* Assets.xcassets in Resources */ = {isa = PBXBuildFile; fileRef = 8617FC582A270578003E2640 /* Assets.xcassets */; };
		8617FC5C2A270578003E2640 /* LaunchScreen.storyboard in Resources */ = {isa = PBXBuildFile; fileRef = 8617FC5A2A270578003E2640 /* LaunchScreen.storyboard */; };
		8617FC652A2726D8003E2640 /* Kingfisher in Frameworks */ = {isa = PBXBuildFile; productRef = 8617FC642A2726D8003E2640 /* Kingfisher */; };
		8617FC672A272B80003E2640 /* UserProfile.swift in Sources */ = {isa = PBXBuildFile; fileRef = 8617FC662A272B80003E2640 /* UserProfile.swift */; };
		8617FC6A2A2733D9003E2640 /* NetworkService.swift in Sources */ = {isa = PBXBuildFile; fileRef = 8617FC692A2733D9003E2640 /* NetworkService.swift */; };
		8617FC6C2A273421003E2640 /* Resource.swift in Sources */ = {isa = PBXBuildFile; fileRef = 8617FC6B2A273421003E2640 /* Resource.swift */; };
		8617FC6E2A27344E003E2640 /* Publisher+Utils.swift in Sources */ = {isa = PBXBuildFile; fileRef = 8617FC6D2A27344E003E2640 /* Publisher+Utils.swift */; };
		865812022A2DB5D700EAD541 /* UserProfileViewModel.swift in Sources */ = {isa = PBXBuildFile; fileRef = 865812012A2DB5D700EAD541 /* UserProfileViewModel.swift */; };
/* End PBXBuildFile section */

/* Begin PBXFileReference section */
		8617FC4C2A270577003E2640 /* GithubUserProfile.app */ = {isa = PBXFileReference; explicitFileType = wrapper.application; includeInIndex = 0; path = GithubUserProfile.app; sourceTree = BUILT_PRODUCTS_DIR; };
		8617FC4F2A270577003E2640 /* AppDelegate.swift */ = {isa = PBXFileReference; lastKnownFileType = sourcecode.swift; path = AppDelegate.swift; sourceTree = "<group>"; };
		8617FC512A270577003E2640 /* SceneDelegate.swift */ = {isa = PBXFileReference; lastKnownFileType = sourcecode.swift; path = SceneDelegate.swift; sourceTree = "<group>"; };
		8617FC532A270577003E2640 /* UserProfilewViewController.swift */ = {isa = PBXFileReference; lastKnownFileType = sourcecode.swift; path = UserProfilewViewController.swift; sourceTree = "<group>"; };
		8617FC562A270577003E2640 /* Base */ = {isa = PBXFileReference; lastKnownFileType = file.storyboard; name = Base; path = Base.lproj/Main.storyboard; sourceTree = "<group>"; };
		8617FC582A270578003E2640 /* Assets.xcassets */ = {isa = PBXFileReference; lastKnownFileType = folder.assetcatalog; path = Assets.xcassets; sourceTree = "<group>"; };
		8617FC5B2A270578003E2640 /* Base */ = {isa = PBXFileReference; lastKnownFileType = file.storyboard; name = Base; path = Base.lproj/LaunchScreen.storyboard; sourceTree = "<group>"; };
		8617FC5D2A270578003E2640 /* Info.plist */ = {isa = PBXFileReference; lastKnownFileType = text.plist.xml; path = Info.plist; sourceTree = "<group>"; };
		8617FC662A272B80003E2640 /* UserProfile.swift */ = {isa = PBXFileReference; lastKnownFileType = sourcecode.swift; path = UserProfile.swift; sourceTree = "<group>"; };
		8617FC692A2733D9003E2640 /* NetworkService.swift */ = {isa = PBXFileReference; lastKnownFileType = sourcecode.swift; path = NetworkService.swift; sourceTree = "<group>"; };
		8617FC6B2A273421003E2640 /* Resource.swift */ = {isa = PBXFileReference; lastKnownFileType = sourcecode.swift; path = Resource.swift; sourceTree = "<group>"; };
		8617FC6D2A27344E003E2640 /* Publisher+Utils.swift */ = {isa = PBXFileReference; lastKnownFileType = sourcecode.swift; path = "Publisher+Utils.swift"; sourceTree = "<group>"; };
		865812012A2DB5D700EAD541 /* UserProfileViewModel.swift */ = {isa = PBXFileReference; lastKnownFileType = sourcecode.swift; path = UserProfileViewModel.swift; sourceTree = "<group>"; };
/* End PBXFileReference section */

/* Begin PBXFrameworksBuildPhase section */
		8617FC492A270577003E2640 /* Frameworks */ = {
			isa = PBXFrameworksBuildPhase;
			buildActionMask = 2147483647;
			files = (
				8617FC652A2726D8003E2640 /* Kingfisher in Frameworks */,
			);
			runOnlyForDeploymentPostprocessing = 0;
		};
/* End PBXFrameworksBuildPhase section */

/* Begin PBXGroup section */
		8617FC432A270577003E2640 = {
			isa = PBXGroup;
			children = (
				8617FC4E2A270577003E2640 /* GithubUserProfile */,
				8617FC4D2A270577003E2640 /* Products */,
			);
			sourceTree = "<group>";
		};
		8617FC4D2A270577003E2640 /* Products */ = {
			isa = PBXGroup;
			children = (
				8617FC4C2A270577003E2640 /* GithubUserProfile.app */,
			);
			name = Products;
			sourceTree = "<group>";
		};
		8617FC4E2A270577003E2640 /* GithubUserProfile */ = {
			isa = PBXGroup;
			children = (
				8617FC4F2A270577003E2640 /* AppDelegate.swift */,
				8617FC512A270577003E2640 /* SceneDelegate.swift */,
				865812032A2DB75500EAD541 /* ViewModel */,
				8617FC6F2A27347C003E2640 /* Network */,
				8617FC702A273483003E2640 /* Utils */,
				865812002A2DB5BE00EAD541 /* View */,
				8617FC682A272B8E003E2640 /* Model */,
				8617FC582A270578003E2640 /* Assets.xcassets */,
				8617FC5A2A270578003E2640 /* LaunchScreen.storyboard */,
				8617FC5D2A270578003E2640 /* Info.plist */,
			);
			path = GithubUserProfile;
			sourceTree = "<group>";
		};
		8617FC682A272B8E003E2640 /* Model */ = {
			isa = PBXGroup;
			children = (
				8617FC662A272B80003E2640 /* UserProfile.swift */,
			);
			path = Model;
			sourceTree = "<group>";
		};
		8617FC6F2A27347C003E2640 /* Network */ = {
			isa = PBXGroup;
			children = (
				8617FC692A2733D9003E2640 /* NetworkService.swift */,
				8617FC6B2A273421003E2640 /* Resource.swift */,
			);
			path = Network;
			sourceTree = "<group>";
		};
		8617FC702A273483003E2640 /* Utils */ = {
			isa = PBXGroup;
			children = (
				8617FC6D2A27344E003E2640 /* Publisher+Utils.swift */,
			);
			path = Utils;
			sourceTree = "<group>";
		};
		865812002A2DB5BE00EAD541 /* View */ = {
			isa = PBXGroup;
			children = (
				8617FC532A270577003E2640 /* UserProfilewViewController.swift */,
				8617FC552A270577003E2640 /* Main.storyboard */,
			);
			path = View;
			sourceTree = "<group>";
		};
		865812032A2DB75500EAD541 /* ViewModel */ = {
			isa = PBXGroup;
			children = (
				865812012A2DB5D700EAD541 /* UserProfileViewModel.swift */,
			);
			path = ViewModel;
			sourceTree = "<group>";
		};
/* End PBXGroup section */

/* Begin PBXNativeTarget section */
		8617FC4B2A270577003E2640 /* GithubUserProfile */ = {
			isa = PBXNativeTarget;
			buildConfigurationList = 8617FC602A270578003E2640 /* Build configuration list for PBXNativeTarget "GithubUserProfile" */;
			buildPhases = (
				8617FC482A270577003E2640 /* Sources */,
				8617FC492A270577003E2640 /* Frameworks */,
				8617FC4A2A270577003E2640 /* Resources */,
			);
			buildRules = (
			);
			dependencies = (
			);
			name = GithubUserProfile;
			packageProductDependencies = (
				8617FC642A2726D8003E2640 /* Kingfisher */,
			);
			productName = GithubUserProfile;
			productReference = 8617FC4C2A270577003E2640 /* GithubUserProfile.app */;
			productType = "com.apple.product-type.application";
		};
/* End PBXNativeTarget section */

/* Begin PBXProject section */
		8617FC442A270577003E2640 /* Project object */ = {
			isa = PBXProject;
			attributes = {
				BuildIndependentTargetsInParallel = 1;
				LastSwiftUpdateCheck = 1340;
				LastUpgradeCheck = 1340;
				TargetAttributes = {
					8617FC4B2A270577003E2640 = {
						CreatedOnToolsVersion = 13.4.1;
					};
				};
			};
			buildConfigurationList = 8617FC472A270577003E2640 /* Build configuration list for PBXProject "GithubUserProfile" */;
			compatibilityVersion = "Xcode 13.0";
			developmentRegion = en;
			hasScannedForEncodings = 0;
			knownRegions = (
				en,
				Base,
			);
			mainGroup = 8617FC432A270577003E2640;
			packageReferences = (
				8617FC632A2726D8003E2640 /* XCRemoteSwiftPackageReference "Kingfisher" */,
			);
			productRefGroup = 8617FC4D2A270577003E2640 /* Products */;
			projectDirPath = "";
			projectRoot = "";
			targets = (
				8617FC4B2A270577003E2640 /* GithubUserProfile */,
			);
		};
/* End PBXProject section */

/* Begin PBXResourcesBuildPhase section */
		8617FC4A2A270577003E2640 /* Resources */ = {
			isa = PBXResourcesBuildPhase;
			buildActionMask = 2147483647;
			files = (
				8617FC5C2A270578003E2640 /* LaunchScreen.storyboard in Resources */,
				8617FC592A270578003E2640 /* Assets.xcassets in Resources */,
				8617FC572A270577003E2640 /* Main.storyboard in Resources */,
			);
			runOnlyForDeploymentPostprocessing = 0;
		};
/* End PBXResourcesBuildPhase section */

/* Begin PBXSourcesBuildPhase section */
		8617FC482A270577003E2640 /* Sources */ = {
			isa = PBXSourcesBuildPhase;
			buildActionMask = 2147483647;
			files = (
				8617FC6A2A2733D9003E2640 /* NetworkService.swift in Sources */,
				8617FC672A272B80003E2640 /* UserProfile.swift in Sources */,
				865812022A2DB5D700EAD541 /* UserProfileViewModel.swift in Sources */,
				8617FC542A270577003E2640 /* UserProfilewViewController.swift in Sources */,
				8617FC6C2A273421003E2640 /* Resource.swift in Sources */,
				8617FC6E2A27344E003E2640 /* Publisher+Utils.swift in Sources */,
				8617FC502A270577003E2640 /* AppDelegate.swift in Sources */,
				8617FC522A270577003E2640 /* SceneDelegate.swift in Sources */,
			);
			runOnlyForDeploymentPostprocessing = 0;
		};
/* End PBXSourcesBuildPhase section */

/* Begin PBXVariantGroup section */
		8617FC552A270577003E2640 /* Main.storyboard */ = {
			isa = PBXVariantGroup;
			children = (
				8617FC562A270577003E2640 /* Base */,
			);
			name = Main.storyboard;
			sourceTree = "<group>";
		};
		8617FC5A2A270578003E2640 /* LaunchScreen.storyboard */ = {
			isa = PBXVariantGroup;
			children = (
				8617FC5B2A270578003E2640 /* Base */,
			);
			name = LaunchScreen.storyboard;
			sourceTree = "<group>";
		};
/* End PBXVariantGroup section */

/* Begin XCBuildConfiguration section */
		8617FC5E2A270578003E2640 /* Debug */ = {
			isa = XCBuildConfiguration;
			buildSettings = {
				ALWAYS_SEARCH_USER_PATHS = NO;
				CLANG_ANALYZER_NONNULL = YES;
				CLANG_ANALYZER_NUMBER_OBJECT_CONVERSION = YES_AGGRESSIVE;
				CLANG_CXX_LANGUAGE_STANDARD = "gnu++17";
				CLANG_ENABLE_MODULES = YES;
				CLANG_ENABLE_OBJC_ARC = YES;
				CLANG_ENABLE_OBJC_WEAK = YES;
				CLANG_WARN_BLOCK_CAPTURE_AUTORELEASING = YES;
				CLANG_WARN_BOOL_CONVERSION = YES;
				CLANG_WARN_COMMA = YES;
				CLANG_WARN_CONSTANT_CONVERSION = YES;
				CLANG_WARN_DEPRECATED_OBJC_IMPLEMENTATIONS = YES;
				CLANG_WARN_DIRECT_OBJC_ISA_USAGE = YES_ERROR;
				CLANG_WARN_DOCUMENTATION_COMMENTS = YES;
				CLANG_WARN_EMPTY_BODY = YES;
				CLANG_WARN_ENUM_CONVERSION = YES;
				CLANG_WARN_INFINITE_RECURSION = YES;
				CLANG_WARN_INT_CONVERSION = YES;
				CLANG_WARN_NON_LITERAL_NULL_CONVERSION = YES;
				CLANG_WARN_OBJC_IMPLICIT_RETAIN_SELF = YES;
				CLANG_WARN_OBJC_LITERAL_CONVERSION = YES;
				CLANG_WARN_OBJC_ROOT_CLASS = YES_ERROR;
				CLANG_WARN_QUOTED_INCLUDE_IN_FRAMEWORK_HEADER = YES;
				CLANG_WARN_RANGE_LOOP_ANALYSIS = YES;
				CLANG_WARN_STRICT_PROTOTYPES = YES;
				CLANG_WARN_SUSPICIOUS_MOVE = YES;
				CLANG_WARN_UNGUARDED_AVAILABILITY = YES_AGGRESSIVE;
				CLANG_WARN_UNREACHABLE_CODE = YES;
				CLANG_WARN__DUPLICATE_METHOD_MATCH = YES;
				COPY_PHASE_STRIP = NO;
				DEBUG_INFORMATION_FORMAT = dwarf;
				ENABLE_STRICT_OBJC_MSGSEND = YES;
				ENABLE_TESTABILITY = YES;
				GCC_C_LANGUAGE_STANDARD = gnu11;
				GCC_DYNAMIC_NO_PIC = NO;
				GCC_NO_COMMON_BLOCKS = YES;
				GCC_OPTIMIZATION_LEVEL = 0;
				GCC_PREPROCESSOR_DEFINITIONS = (
					"DEBUG=1",
					"$(inherited)",
				);
				GCC_WARN_64_TO_32_BIT_CONVERSION = YES;
				GCC_WARN_ABOUT_RETURN_TYPE = YES_ERROR;
				GCC_WARN_UNDECLARED_SELECTOR = YES;
				GCC_WARN_UNINITIALIZED_AUTOS = YES_AGGRESSIVE;
				GCC_WARN_UNUSED_FUNCTION = YES;
				GCC_WARN_UNUSED_VARIABLE = YES;
				IPHONEOS_DEPLOYMENT_TARGET = 15.5;
				MTL_ENABLE_DEBUG_INFO = INCLUDE_SOURCE;
				MTL_FAST_MATH = YES;
				ONLY_ACTIVE_ARCH = YES;
				SDKROOT = iphoneos;
				SWIFT_ACTIVE_COMPILATION_CONDITIONS = DEBUG;
				SWIFT_OPTIMIZATION_LEVEL = "-Onone";
			};
			name = Debug;
		};
		8617FC5F2A270578003E2640 /* Release */ = {
			isa = XCBuildConfiguration;
			buildSettings = {
				ALWAYS_SEARCH_USER_PATHS = NO;
				CLANG_ANALYZER_NONNULL = YES;
				CLANG_ANALYZER_NUMBER_OBJECT_CONVERSION = YES_AGGRESSIVE;
				CLANG_CXX_LANGUAGE_STANDARD = "gnu++17";
				CLANG_ENABLE_MODULES = YES;
				CLANG_ENABLE_OBJC_ARC = YES;
				CLANG_ENABLE_OBJC_WEAK = YES;
				CLANG_WARN_BLOCK_CAPTURE_AUTORELEASING = YES;
				CLANG_WARN_BOOL_CONVERSION = YES;
				CLANG_WARN_COMMA = YES;
				CLANG_WARN_CONSTANT_CONVERSION = YES;
				CLANG_WARN_DEPRECATED_OBJC_IMPLEMENTATIONS = YES;
				CLANG_WARN_DIRECT_OBJC_ISA_USAGE = YES_ERROR;
				CLANG_WARN_DOCUMENTATION_COMMENTS = YES;
				CLANG_WARN_EMPTY_BODY = YES;
				CLANG_WARN_ENUM_CONVERSION = YES;
				CLANG_WARN_INFINITE_RECURSION = YES;
				CLANG_WARN_INT_CONVERSION = YES;
				CLANG_WARN_NON_LITERAL_NULL_CONVERSION = YES;
				CLANG_WARN_OBJC_IMPLICIT_RETAIN_SELF = YES;
				CLANG_WARN_OBJC_LITERAL_CONVERSION = YES;
				CLANG_WARN_OBJC_ROOT_CLASS = YES_ERROR;
				CLANG_WARN_QUOTED_INCLUDE_IN_FRAMEWORK_HEADER = YES;
				CLANG_WARN_RANGE_LOOP_ANALYSIS = YES;
				CLANG_WARN_STRICT_PROTOTYPES = YES;
				CLANG_WARN_SUSPICIOUS_MOVE = YES;
				CLANG_WARN_UNGUARDED_AVAILABILITY = YES_AGGRESSIVE;
				CLANG_WARN_UNREACHABLE_CODE = YES;
				CLANG_WARN__DUPLICATE_METHOD_MATCH = YES;
				COPY_PHASE_STRIP = NO;
				DEBUG_INFORMATION_FORMAT = "dwarf-with-dsym";
				ENABLE_NS_ASSERTIONS = NO;
				ENABLE_STRICT_OBJC_MSGSEND = YES;
				GCC_C_LANGUAGE_STANDARD = gnu11;
				GCC_NO_COMMON_BLOCKS = YES;
				GCC_WARN_64_TO_32_BIT_CONVERSION = YES;
				GCC_WARN_ABOUT_RETURN_TYPE = YES_ERROR;
				GCC_WARN_UNDECLARED_SELECTOR = YES;
				GCC_WARN_UNINITIALIZED_AUTOS = YES_AGGRESSIVE;
				GCC_WARN_UNUSED_FUNCTION = YES;
				GCC_WARN_UNUSED_VARIABLE = YES;
				IPHONEOS_DEPLOYMENT_TARGET = 15.5;
				MTL_ENABLE_DEBUG_INFO = NO;
				MTL_FAST_MATH = YES;
				SDKROOT = iphoneos;
				SWIFT_COMPILATION_MODE = wholemodule;
				SWIFT_OPTIMIZATION_LEVEL = "-O";
				VALIDATE_PRODUCT = YES;
			};
			name = Release;
		};
		8617FC612A270578003E2640 /* Debug */ = {
			isa = XCBuildConfiguration;
			buildSettings = {
				ASSETCATALOG_COMPILER_APPICON_NAME = AppIcon;
				ASSETCATALOG_COMPILER_GLOBAL_ACCENT_COLOR_NAME = AccentColor;
				CODE_SIGN_STYLE = Automatic;
				CURRENT_PROJECT_VERSION = 1;
				DEVELOPMENT_TEAM = SC2M4P5Z8J;
				GENERATE_INFOPLIST_FILE = YES;
				INFOPLIST_FILE = GithubUserProfile/Info.plist;
				INFOPLIST_KEY_UIApplicationSupportsIndirectInputEvents = YES;
				INFOPLIST_KEY_UILaunchStoryboardName = LaunchScreen;
				INFOPLIST_KEY_UIMainStoryboardFile = Main;
				INFOPLIST_KEY_UISupportedInterfaceOrientations_iPad = "UIInterfaceOrientationPortrait UIInterfaceOrientationPortraitUpsideDown UIInterfaceOrientationLandscapeLeft UIInterfaceOrientationLandscapeRight";
				INFOPLIST_KEY_UISupportedInterfaceOrientations_iPhone = "UIInterfaceOrientationPortrait UIInterfaceOrientationLandscapeLeft UIInterfaceOrientationLandscapeRight";
				LD_RUNPATH_SEARCH_PATHS = (
					"$(inherited)",
					"@executable_path/Frameworks",
				);
				MARKETING_VERSION = 1.0;
				PRODUCT_BUNDLE_IDENTIFIER = com.torinunna.GithubUserProfile;
				PRODUCT_NAME = "$(TARGET_NAME)";
				SWIFT_EMIT_LOC_STRINGS = YES;
				SWIFT_VERSION = 5.0;
				TARGETED_DEVICE_FAMILY = "1,2";
			};
			name = Debug;
		};
		8617FC622A270578003E2640 /* Release */ = {
			isa = XCBuildConfiguration;
			buildSettings = {
				ASSETCATALOG_COMPILER_APPICON_NAME = AppIcon;
				ASSETCATALOG_COMPILER_GLOBAL_ACCENT_COLOR_NAME = AccentColor;
				CODE_SIGN_STYLE = Automatic;
				CURRENT_PROJECT_VERSION = 1;
				DEVELOPMENT_TEAM = SC2M4P5Z8J;
				GENERATE_INFOPLIST_FILE = YES;
				INFOPLIST_FILE = GithubUserProfile/Info.plist;
				INFOPLIST_KEY_UIApplicationSupportsIndirectInputEvents = YES;
				INFOPLIST_KEY_UILaunchStoryboardName = LaunchScreen;
				INFOPLIST_KEY_UIMainStoryboardFile = Main;
				INFOPLIST_KEY_UISupportedInterfaceOrientations_iPad = "UIInterfaceOrientationPortrait UIInterfaceOrientationPortraitUpsideDown UIInterfaceOrientationLandscapeLeft UIInterfaceOrientationLandscapeRight";
				INFOPLIST_KEY_UISupportedInterfaceOrientations_iPhone = "UIInterfaceOrientationPortrait UIInterfaceOrientationLandscapeLeft UIInterfaceOrientationLandscapeRight";
				LD_RUNPATH_SEARCH_PATHS = (
					"$(inherited)",
					"@executable_path/Frameworks",
				);
				MARKETING_VERSION = 1.0;
				PRODUCT_BUNDLE_IDENTIFIER = com.torinunna.GithubUserProfile;
				PRODUCT_NAME = "$(TARGET_NAME)";
				SWIFT_EMIT_LOC_STRINGS = YES;
				SWIFT_VERSION = 5.0;
				TARGETED_DEVICE_FAMILY = "1,2";
			};
			name = Release;
		};
/* End XCBuildConfiguration section */

/* Begin XCConfigurationList section */
		8617FC472A270577003E2640 /* Build configuration list for PBXProject "GithubUserProfile" */ = {
			isa = XCConfigurationList;
			buildConfigurations = (
				8617FC5E2A270578003E2640 /* Debug */,
				8617FC5F2A270578003E2640 /* Release */,
			);
			defaultConfigurationIsVisible = 0;
			defaultConfigurationName = Release;
		};
		8617FC602A270578003E2640 /* Build configuration list for PBXNativeTarget "GithubUserProfile" */ = {
			isa = XCConfigurationList;
			buildConfigurations = (
				8617FC612A270578003E2640 /* Debug */,
				8617FC622A270578003E2640 /* Release */,
			);
			defaultConfigurationIsVisible = 0;
			defaultConfigurationName = Release;
		};
/* End XCConfigurationList section */

/* Begin XCRemoteSwiftPackageReference section */
		8617FC632A2726D8003E2640 /* XCRemoteSwiftPackageReference "Kingfisher" */ = {
			isa = XCRemoteSwiftPackageReference;
			repositoryURL = "https://github.com/onevcat/Kingfisher.git";
			requirement = {
				kind = upToNextMajorVersion;
				minimumVersion = 7.0.0;
			};
		};
/* End XCRemoteSwiftPackageReference section */

/* Begin XCSwiftPackageProductDependency section */
		8617FC642A2726D8003E2640 /* Kingfisher */ = {
			isa = XCSwiftPackageProductDependency;
			package = 8617FC632A2726D8003E2640 /* XCRemoteSwiftPackageReference "Kingfisher" */;
			productName = Kingfisher;
		};
/* End XCSwiftPackageProductDependency section */
	};
	rootObject = 8617FC442A270577003E2640 /* Project object */;
}
